// !$*UTF8*$!
{
	archiveVersion = 1;
	classes = {
	};
	objectVersion = 56;
	objects = {

/* Begin PBXBuildFile section */
		3FAA46762B5F254A00C8AE51 /* TutorialView.swift in Sources */ = {isa = PBXBuildFile; fileRef = 3FAA46752B5F254A00C8AE51 /* TutorialView.swift */; };
		710C70492A5809DC00118F32 /* PhoneNumberFormatter.swift in Sources */ = {isa = PBXBuildFile; fileRef = 710C70482A5809DC00118F32 /* PhoneNumberFormatter.swift */; };
		710C704B2A58116300118F32 /* EditingView.swift in Sources */ = {isa = PBXBuildFile; fileRef = 710C704A2A58116300118F32 /* EditingView.swift */; };
		710EE5272A57ECA30022DD97 /* LocationManager.swift in Sources */ = {isa = PBXBuildFile; fileRef = 710EE5262A57ECA30022DD97 /* LocationManager.swift */; };
		71255CED2A53FD2B00C70A5B /* ButtonView.swift in Sources */ = {isa = PBXBuildFile; fileRef = 71255CEC2A53FD2B00C70A5B /* ButtonView.swift */; };
		71255CEF2A54012D00C70A5B /* InputValidator.swift in Sources */ = {isa = PBXBuildFile; fileRef = 71255CEE2A54012D00C70A5B /* InputValidator.swift */; };
		71255CF12A540AC200C70A5B /* InputVerifier.swift in Sources */ = {isa = PBXBuildFile; fileRef = 71255CF02A540AC200C70A5B /* InputVerifier.swift */; };
		71255CF32A540EC600C70A5B /* EmergencyContactManager.swift in Sources */ = {isa = PBXBuildFile; fileRef = 71255CF22A540EC600C70A5B /* EmergencyContactManager.swift */; };
		71255CF52A54102500C70A5B /* GlobalHapticManager.swift in Sources */ = {isa = PBXBuildFile; fileRef = 71255CF42A54102500C70A5B /* GlobalHapticManager.swift */; };
		71255CF72A5415B600C70A5B /* ProfileView.swift in Sources */ = {isa = PBXBuildFile; fileRef = 71255CF62A5415B600C70A5B /* ProfileView.swift */; };
		713F803F2A488D7D00A03D29 /* YellowRedView.swift in Sources */ = {isa = PBXBuildFile; fileRef = 713F803E2A488D7D00A03D29 /* YellowRedView.swift */; };
		714716182AF701CE00C825AE /* FirestoreManager.swift in Sources */ = {isa = PBXBuildFile; fileRef = 714716172AF701CE00C825AE /* FirestoreManager.swift */; };
		7147161A2AF7175800C825AE /* UserViewModel.swift in Sources */ = {isa = PBXBuildFile; fileRef = 714716192AF7175800C825AE /* UserViewModel.swift */; };
		715086372A2E1DC700841F44 /* NotificationView.swift in Sources */ = {isa = PBXBuildFile; fileRef = 715086362A2E1DC700841F44 /* NotificationView.swift */; };
		71567E912A20B92E00A2BB2D /* YellowRedApp.swift in Sources */ = {isa = PBXBuildFile; fileRef = 71567E902A20B92E00A2BB2D /* YellowRedApp.swift */; };
		71567E932A20B92E00A2BB2D /* HomeScreenView.swift in Sources */ = {isa = PBXBuildFile; fileRef = 71567E922A20B92E00A2BB2D /* HomeScreenView.swift */; };
		71567E952A20B93300A2BB2D /* Assets.xcassets in Resources */ = {isa = PBXBuildFile; fileRef = 71567E942A20B93300A2BB2D /* Assets.xcassets */; };
		71567E982A20B93300A2BB2D /* Preview Assets.xcassets in Resources */ = {isa = PBXBuildFile; fileRef = 71567E972A20B93300A2BB2D /* Preview Assets.xcassets */; };
		71567EA12A20D10D00A2BB2D /* GetStartedNameView.swift in Sources */ = {isa = PBXBuildFile; fileRef = 71567EA02A20D10D00A2BB2D /* GetStartedNameView.swift */; };
		715D5CE22A48706C001701AA /* YellowMessageView.swift in Sources */ = {isa = PBXBuildFile; fileRef = 715D5CE12A48706C001701AA /* YellowMessageView.swift */; };
		715D5CE42A4870D3001701AA /* RedMessageView.swift in Sources */ = {isa = PBXBuildFile; fileRef = 715D5CE32A4870D3001701AA /* RedMessageView.swift */; };
		7171C17E2A3DC34200CC8F9B /* EmergencyContactView.swift in Sources */ = {isa = PBXBuildFile; fileRef = 7171C17D2A3DC34200CC8F9B /* EmergencyContactView.swift */; };
		7172CA232BA23E0C0053C600 /* FirebaseAnalytics in Frameworks */ = {isa = PBXBuildFile; productRef = 7172CA222BA23E0C0053C600 /* FirebaseAnalytics */; };
		7172CA252BA23E0C0053C600 /* FirebaseAnalyticsSwift in Frameworks */ = {isa = PBXBuildFile; productRef = 7172CA242BA23E0C0053C600 /* FirebaseAnalyticsSwift */; };
		7172CA272BA23E0C0053C600 /* FirebaseAuth in Frameworks */ = {isa = PBXBuildFile; productRef = 7172CA262BA23E0C0053C600 /* FirebaseAuth */; };
		7172CA292BA23E0C0053C600 /* FirebaseFirestore in Frameworks */ = {isa = PBXBuildFile; productRef = 7172CA282BA23E0C0053C600 /* FirebaseFirestore */; };
		7172CA2B2BA23E0C0053C600 /* FirebaseFirestoreSwift in Frameworks */ = {isa = PBXBuildFile; productRef = 7172CA2A2BA23E0C0053C600 /* FirebaseFirestoreSwift */; };
		7172CA2D2BA23E0C0053C600 /* FirebaseFunctions in Frameworks */ = {isa = PBXBuildFile; productRef = 7172CA2C2BA23E0C0053C600 /* FirebaseFunctions */; };
		717B156C2A2605A300096580 /* GetStartedAffiliationView.swift in Sources */ = {isa = PBXBuildFile; fileRef = 717B156B2A2605A300096580 /* GetStartedAffiliationView.swift */; };
		717DFD692BA9BC620051A3D8 /* LoadingView.swift in Sources */ = {isa = PBXBuildFile; fileRef = 717DFD682BA9BC620051A3D8 /* LoadingView.swift */; };
		717F74D02A31E7BB00C55AC8 /* LocationView.swift in Sources */ = {isa = PBXBuildFile; fileRef = 717F74CF2A31E7BB00C55AC8 /* LocationView.swift */; };
		719F93BA2B303FCA00150A16 /* UserAuth.swift in Sources */ = {isa = PBXBuildFile; fileRef = 719F93B92B303FCA00150A16 /* UserAuth.swift */; };
		71A44D942C15E981001F51BC /* YellowRedApp.swift in Sources */ = {isa = PBXBuildFile; fileRef = 71A44D932C15E981001F51BC /* YellowRedApp.swift */; };
		71A44D982C15E982001F51BC /* Assets.xcassets in Resources */ = {isa = PBXBuildFile; fileRef = 71A44D972C15E982001F51BC /* Assets.xcassets */; };
		71A44D9B2C15E982001F51BC /* Preview Assets.xcassets in Resources */ = {isa = PBXBuildFile; fileRef = 71A44D9A2C15E982001F51BC /* Preview Assets.xcassets */; };
		71B7B5902A5AD96E003CD5C8 /* NotificationManager.swift in Sources */ = {isa = PBXBuildFile; fileRef = 71B7B58F2A5AD96E003CD5C8 /* NotificationManager.swift */; };
		71CF77C92A24D8BC001D81E0 /* GetStartedNumberView.swift in Sources */ = {isa = PBXBuildFile; fileRef = 71CF77C82A24D8BC001D81E0 /* GetStartedNumberView.swift */; };
		71CF77CB2A25EA81001D81E0 /* GetStartedEmailView.swift in Sources */ = {isa = PBXBuildFile; fileRef = 71CF77CA2A25EA81001D81E0 /* GetStartedEmailView.swift */; };
		71F91AAE2A652F63008F9209 /* GoogleService-Info.plist in Resources */ = {isa = PBXBuildFile; fileRef = 71F91AAD2A652F63008F9209 /* GoogleService-Info.plist */; };
		71FB82152A558472005E53DE /* InfoSectionView.swift in Sources */ = {isa = PBXBuildFile; fileRef = 71FB82142A558472005E53DE /* InfoSectionView.swift */; };
/* End PBXBuildFile section */

/* Begin PBXFileReference section */
		3FAA46752B5F254A00C8AE51 /* TutorialView.swift */ = {isa = PBXFileReference; lastKnownFileType = sourcecode.swift; path = TutorialView.swift; sourceTree = "<group>"; };
		710C70482A5809DC00118F32 /* PhoneNumberFormatter.swift */ = {isa = PBXFileReference; lastKnownFileType = sourcecode.swift; path = PhoneNumberFormatter.swift; sourceTree = "<group>"; };
		710C704A2A58116300118F32 /* EditingView.swift */ = {isa = PBXFileReference; lastKnownFileType = sourcecode.swift; path = EditingView.swift; sourceTree = "<group>"; };
		710EE5262A57ECA30022DD97 /* LocationManager.swift */ = {isa = PBXFileReference; lastKnownFileType = sourcecode.swift; path = LocationManager.swift; sourceTree = "<group>"; };
		71255CEC2A53FD2B00C70A5B /* ButtonView.swift */ = {isa = PBXFileReference; lastKnownFileType = sourcecode.swift; path = ButtonView.swift; sourceTree = "<group>"; };
		71255CEE2A54012D00C70A5B /* InputValidator.swift */ = {isa = PBXFileReference; lastKnownFileType = sourcecode.swift; path = InputValidator.swift; sourceTree = "<group>"; };
		71255CF02A540AC200C70A5B /* InputVerifier.swift */ = {isa = PBXFileReference; lastKnownFileType = sourcecode.swift; path = InputVerifier.swift; sourceTree = "<group>"; };
		71255CF22A540EC600C70A5B /* EmergencyContactManager.swift */ = {isa = PBXFileReference; lastKnownFileType = sourcecode.swift; path = EmergencyContactManager.swift; sourceTree = "<group>"; };
		71255CF42A54102500C70A5B /* GlobalHapticManager.swift */ = {isa = PBXFileReference; lastKnownFileType = sourcecode.swift; path = GlobalHapticManager.swift; sourceTree = "<group>"; };
		71255CF62A5415B600C70A5B /* ProfileView.swift */ = {isa = PBXFileReference; lastKnownFileType = sourcecode.swift; path = ProfileView.swift; sourceTree = "<group>"; };
		713F803E2A488D7D00A03D29 /* YellowRedView.swift */ = {isa = PBXFileReference; lastKnownFileType = sourcecode.swift; path = YellowRedView.swift; sourceTree = "<group>"; };
		714716172AF701CE00C825AE /* FirestoreManager.swift */ = {isa = PBXFileReference; lastKnownFileType = sourcecode.swift; path = FirestoreManager.swift; sourceTree = "<group>"; };
		714716192AF7175800C825AE /* UserViewModel.swift */ = {isa = PBXFileReference; lastKnownFileType = sourcecode.swift; path = UserViewModel.swift; sourceTree = "<group>"; };
		715086362A2E1DC700841F44 /* NotificationView.swift */ = {isa = PBXFileReference; lastKnownFileType = sourcecode.swift; path = NotificationView.swift; sourceTree = "<group>"; };
		715189EF2AA6C2880074B620 /* YellowRed.entitlements */ = {isa = PBXFileReference; lastKnownFileType = text.plist.entitlements; path = YellowRed.entitlements; sourceTree = "<group>"; };
		71567E8D2A20B92E00A2BB2D /* YellowRed.app */ = {isa = PBXFileReference; explicitFileType = wrapper.application; includeInIndex = 0; path = YellowRed.app; sourceTree = BUILT_PRODUCTS_DIR; };
		71567E902A20B92E00A2BB2D /* YellowRedApp.swift */ = {isa = PBXFileReference; lastKnownFileType = sourcecode.swift; path = YellowRedApp.swift; sourceTree = "<group>"; };
		71567E922A20B92E00A2BB2D /* HomeScreenView.swift */ = {isa = PBXFileReference; lastKnownFileType = sourcecode.swift; path = HomeScreenView.swift; sourceTree = "<group>"; };
		71567E942A20B93300A2BB2D /* Assets.xcassets */ = {isa = PBXFileReference; lastKnownFileType = folder.assetcatalog; path = Assets.xcassets; sourceTree = "<group>"; };
		71567E972A20B93300A2BB2D /* Preview Assets.xcassets */ = {isa = PBXFileReference; lastKnownFileType = folder.assetcatalog; path = "Preview Assets.xcassets"; sourceTree = "<group>"; };
		71567EA02A20D10D00A2BB2D /* GetStartedNameView.swift */ = {isa = PBXFileReference; lastKnownFileType = sourcecode.swift; path = GetStartedNameView.swift; sourceTree = "<group>"; };
		715D5CE12A48706C001701AA /* YellowMessageView.swift */ = {isa = PBXFileReference; lastKnownFileType = sourcecode.swift; path = YellowMessageView.swift; sourceTree = "<group>"; };
		715D5CE32A4870D3001701AA /* RedMessageView.swift */ = {isa = PBXFileReference; lastKnownFileType = sourcecode.swift; path = RedMessageView.swift; sourceTree = "<group>"; };
		7171C17D2A3DC34200CC8F9B /* EmergencyContactView.swift */ = {isa = PBXFileReference; lastKnownFileType = sourcecode.swift; path = EmergencyContactView.swift; sourceTree = "<group>"; };
		7171C17F2A3F26E200CC8F9B /* Info.plist */ = {isa = PBXFileReference; lastKnownFileType = text.plist; path = Info.plist; sourceTree = "<group>"; };
		717B156B2A2605A300096580 /* GetStartedAffiliationView.swift */ = {isa = PBXFileReference; lastKnownFileType = sourcecode.swift; path = GetStartedAffiliationView.swift; sourceTree = "<group>"; };
		717DFD682BA9BC620051A3D8 /* LoadingView.swift */ = {isa = PBXFileReference; lastKnownFileType = sourcecode.swift; path = LoadingView.swift; sourceTree = "<group>"; };
		717F74CF2A31E7BB00C55AC8 /* LocationView.swift */ = {isa = PBXFileReference; lastKnownFileType = sourcecode.swift; path = LocationView.swift; sourceTree = "<group>"; };
		719F93B92B303FCA00150A16 /* UserAuth.swift */ = {isa = PBXFileReference; lastKnownFileType = sourcecode.swift; path = UserAuth.swift; sourceTree = "<group>"; };
		71A44D912C15E981001F51BC /* YellowRed Watch App.app */ = {isa = PBXFileReference; explicitFileType = wrapper.application; includeInIndex = 0; path = "YellowRed Watch App.app"; sourceTree = BUILT_PRODUCTS_DIR; };
		71A44D932C15E981001F51BC /* YellowRedApp.swift */ = {isa = PBXFileReference; lastKnownFileType = sourcecode.swift; path = YellowRedApp.swift; sourceTree = "<group>"; };
		71A44D972C15E982001F51BC /* Assets.xcassets */ = {isa = PBXFileReference; lastKnownFileType = folder.assetcatalog; path = Assets.xcassets; sourceTree = "<group>"; };
		71A44D9A2C15E982001F51BC /* Preview Assets.xcassets */ = {isa = PBXFileReference; lastKnownFileType = folder.assetcatalog; path = "Preview Assets.xcassets"; sourceTree = "<group>"; };
		71B7B58F2A5AD96E003CD5C8 /* NotificationManager.swift */ = {isa = PBXFileReference; lastKnownFileType = sourcecode.swift; path = NotificationManager.swift; sourceTree = "<group>"; };
		71CF77C82A24D8BC001D81E0 /* GetStartedNumberView.swift */ = {isa = PBXFileReference; lastKnownFileType = sourcecode.swift; path = GetStartedNumberView.swift; sourceTree = "<group>"; };
		71CF77CA2A25EA81001D81E0 /* GetStartedEmailView.swift */ = {isa = PBXFileReference; lastKnownFileType = sourcecode.swift; path = GetStartedEmailView.swift; sourceTree = "<group>"; };
		71F91AAD2A652F63008F9209 /* GoogleService-Info.plist */ = {isa = PBXFileReference; fileEncoding = 4; lastKnownFileType = text.plist.xml; path = "GoogleService-Info.plist"; sourceTree = "<group>"; };
		71FB82142A558472005E53DE /* InfoSectionView.swift */ = {isa = PBXFileReference; lastKnownFileType = sourcecode.swift; path = InfoSectionView.swift; sourceTree = "<group>"; };
/* End PBXFileReference section */

/* Begin PBXFrameworksBuildPhase section */
		71567E8A2A20B92E00A2BB2D /* Frameworks */ = {
			isa = PBXFrameworksBuildPhase;
			buildActionMask = 2147483647;
			files = (
				7172CA2B2BA23E0C0053C600 /* FirebaseFirestoreSwift in Frameworks */,
				7172CA252BA23E0C0053C600 /* FirebaseAnalyticsSwift in Frameworks */,
				7172CA292BA23E0C0053C600 /* FirebaseFirestore in Frameworks */,
				7172CA2D2BA23E0C0053C600 /* FirebaseFunctions in Frameworks */,
				7172CA272BA23E0C0053C600 /* FirebaseAuth in Frameworks */,
				7172CA232BA23E0C0053C600 /* FirebaseAnalytics in Frameworks */,
			);
			runOnlyForDeploymentPostprocessing = 0;
		};
		71A44D8E2C15E981001F51BC /* Frameworks */ = {
			isa = PBXFrameworksBuildPhase;
			buildActionMask = 2147483647;
			files = (
			);
			runOnlyForDeploymentPostprocessing = 0;
		};
/* End PBXFrameworksBuildPhase section */

/* Begin PBXGroup section */
		71567E842A20B92E00A2BB2D = {
			isa = PBXGroup;
			children = (
				71567E8F2A20B92E00A2BB2D /* YellowRed */,
				71A44D922C15E981001F51BC /* YellowRed Watch App */,
				71567E8E2A20B92E00A2BB2D /* Products */,
				71F91B1D2A654F5E008F9209 /* Frameworks */,
			);
			sourceTree = "<group>";
		};
		71567E8E2A20B92E00A2BB2D /* Products */ = {
			isa = PBXGroup;
			children = (
				71567E8D2A20B92E00A2BB2D /* YellowRed.app */,
				71A44D912C15E981001F51BC /* YellowRed Watch App.app */,
			);
			name = Products;
			sourceTree = "<group>";
		};
		71567E8F2A20B92E00A2BB2D /* YellowRed */ = {
			isa = PBXGroup;
			children = (
				715189EF2AA6C2880074B620 /* YellowRed.entitlements */,
				7171C17F2A3F26E200CC8F9B /* Info.plist */,
				71F91AAD2A652F63008F9209 /* GoogleService-Info.plist */,
				71567E902A20B92E00A2BB2D /* YellowRedApp.swift */,
				71567E922A20B92E00A2BB2D /* HomeScreenView.swift */,
				71567EA02A20D10D00A2BB2D /* GetStartedNameView.swift */,
				71CF77C82A24D8BC001D81E0 /* GetStartedNumberView.swift */,
				71CF77CA2A25EA81001D81E0 /* GetStartedEmailView.swift */,
				717B156B2A2605A300096580 /* GetStartedAffiliationView.swift */,
				7171C17D2A3DC34200CC8F9B /* EmergencyContactView.swift */,
				715D5CE12A48706C001701AA /* YellowMessageView.swift */,
				715D5CE32A4870D3001701AA /* RedMessageView.swift */,
				715086362A2E1DC700841F44 /* NotificationView.swift */,
				717F74CF2A31E7BB00C55AC8 /* LocationView.swift */,
				3FAA46752B5F254A00C8AE51 /* TutorialView.swift */,
				713F803E2A488D7D00A03D29 /* YellowRedView.swift */,
				71255CF62A5415B600C70A5B /* ProfileView.swift */,
				71567E942A20B93300A2BB2D /* Assets.xcassets */,
				71567E962A20B93300A2BB2D /* Preview Content */,
				71255CEC2A53FD2B00C70A5B /* ButtonView.swift */,
				710C704A2A58116300118F32 /* EditingView.swift */,
				717DFD682BA9BC620051A3D8 /* LoadingView.swift */,
				71FB82142A558472005E53DE /* InfoSectionView.swift */,
				71255CEE2A54012D00C70A5B /* InputValidator.swift */,
				71255CF02A540AC200C70A5B /* InputVerifier.swift */,
				719F93B92B303FCA00150A16 /* UserAuth.swift */,
				714716192AF7175800C825AE /* UserViewModel.swift */,
				710C70482A5809DC00118F32 /* PhoneNumberFormatter.swift */,
				71255CF22A540EC600C70A5B /* EmergencyContactManager.swift */,
				71B7B58F2A5AD96E003CD5C8 /* NotificationManager.swift */,
				710EE5262A57ECA30022DD97 /* LocationManager.swift */,
				71255CF42A54102500C70A5B /* GlobalHapticManager.swift */,
				714716172AF701CE00C825AE /* FirestoreManager.swift */,
			);
			path = YellowRed;
			sourceTree = "<group>";
		};
		71567E962A20B93300A2BB2D /* Preview Content */ = {
			isa = PBXGroup;
			children = (
				71567E972A20B93300A2BB2D /* Preview Assets.xcassets */,
			);
			path = "Preview Content";
			sourceTree = "<group>";
		};
		71A44D922C15E981001F51BC /* YellowRed Watch App */ = {
			isa = PBXGroup;
			children = (
				71A44D932C15E981001F51BC /* YellowRedApp.swift */,
				71A44D972C15E982001F51BC /* Assets.xcassets */,
				71A44D992C15E982001F51BC /* Preview Content */,
			);
			path = "YellowRed Watch App";
			sourceTree = "<group>";
		};
		71A44D992C15E982001F51BC /* Preview Content */ = {
			isa = PBXGroup;
			children = (
				71A44D9A2C15E982001F51BC /* Preview Assets.xcassets */,
			);
			path = "Preview Content";
			sourceTree = "<group>";
		};
		71F91B1D2A654F5E008F9209 /* Frameworks */ = {
			isa = PBXGroup;
			children = (
			);
			name = Frameworks;
			sourceTree = "<group>";
		};
/* End PBXGroup section */

/* Begin PBXNativeTarget section */
		71567E8C2A20B92E00A2BB2D /* YellowRed */ = {
			isa = PBXNativeTarget;
			buildConfigurationList = 71567E9B2A20B93300A2BB2D /* Build configuration list for PBXNativeTarget "YellowRed" */;
			buildPhases = (
				71567E892A20B92E00A2BB2D /* Sources */,
				71567E8A2A20B92E00A2BB2D /* Frameworks */,
				71567E8B2A20B92E00A2BB2D /* Resources */,
			);
			buildRules = (
			);
			dependencies = (
			);
			name = YellowRed;
			packageProductDependencies = (
				7172CA222BA23E0C0053C600 /* FirebaseAnalytics */,
				7172CA242BA23E0C0053C600 /* FirebaseAnalyticsSwift */,
				7172CA262BA23E0C0053C600 /* FirebaseAuth */,
				7172CA282BA23E0C0053C600 /* FirebaseFirestore */,
				7172CA2A2BA23E0C0053C600 /* FirebaseFirestoreSwift */,
				7172CA2C2BA23E0C0053C600 /* FirebaseFunctions */,
			);
			productName = YellowRed;
			productReference = 71567E8D2A20B92E00A2BB2D /* YellowRed.app */;
			productType = "com.apple.product-type.application";
		};
		71A44D902C15E981001F51BC /* YellowRed Watch App */ = {
			isa = PBXNativeTarget;
			buildConfigurationList = 71A44D9E2C15E982001F51BC /* Build configuration list for PBXNativeTarget "YellowRed Watch App" */;
			buildPhases = (
				71A44D8D2C15E981001F51BC /* Sources */,
				71A44D8E2C15E981001F51BC /* Frameworks */,
				71A44D8F2C15E981001F51BC /* Resources */,
			);
			buildRules = (
			);
			dependencies = (
			);
			name = "YellowRed Watch App";
			productName = "YellowRed Watch App";
			productReference = 71A44D912C15E981001F51BC /* YellowRed Watch App.app */;
			productType = "com.apple.product-type.application";
		};
/* End PBXNativeTarget section */

/* Begin PBXProject section */
		71567E852A20B92E00A2BB2D /* Project object */ = {
			isa = PBXProject;
			attributes = {
				BuildIndependentTargetsInParallel = 1;
				LastSwiftUpdateCheck = 1540;
				LastUpgradeCheck = 1500;
				TargetAttributes = {
					71567E8C2A20B92E00A2BB2D = {
						CreatedOnToolsVersion = 14.2;
					};
					71A44D902C15E981001F51BC = {
						CreatedOnToolsVersion = 15.4;
					};
				};
			};
			buildConfigurationList = 71567E882A20B92E00A2BB2D /* Build configuration list for PBXProject "YellowRed" */;
			compatibilityVersion = "Xcode 14.0";
			developmentRegion = en;
			hasScannedForEncodings = 0;
			knownRegions = (
				en,
				Base,
			);
			mainGroup = 71567E842A20B92E00A2BB2D;
			packageReferences = (
				7172CA212BA23E0C0053C600 /* XCRemoteSwiftPackageReference "firebase-ios-sdk" */,
			);
			productRefGroup = 71567E8E2A20B92E00A2BB2D /* Products */;
			projectDirPath = "";
			projectRoot = "";
			targets = (
				71567E8C2A20B92E00A2BB2D /* YellowRed */,
				71A44D902C15E981001F51BC /* YellowRed Watch App */,
			);
		};
/* End PBXProject section */

/* Begin PBXResourcesBuildPhase section */
		71567E8B2A20B92E00A2BB2D /* Resources */ = {
			isa = PBXResourcesBuildPhase;
			buildActionMask = 2147483647;
			files = (
				71567E982A20B93300A2BB2D /* Preview Assets.xcassets in Resources */,
				71567E952A20B93300A2BB2D /* Assets.xcassets in Resources */,
				71F91AAE2A652F63008F9209 /* GoogleService-Info.plist in Resources */,
			);
			runOnlyForDeploymentPostprocessing = 0;
		};
		71A44D8F2C15E981001F51BC /* Resources */ = {
			isa = PBXResourcesBuildPhase;
			buildActionMask = 2147483647;
			files = (
				71A44D9B2C15E982001F51BC /* Preview Assets.xcassets in Resources */,
				71A44D982C15E982001F51BC /* Assets.xcassets in Resources */,
			);
			runOnlyForDeploymentPostprocessing = 0;
		};
/* End PBXResourcesBuildPhase section */

/* Begin PBXSourcesBuildPhase section */
		71567E892A20B92E00A2BB2D /* Sources */ = {
			isa = PBXSourcesBuildPhase;
			buildActionMask = 2147483647;
			files = (
				717B156C2A2605A300096580 /* GetStartedAffiliationView.swift in Sources */,
				710C70492A5809DC00118F32 /* PhoneNumberFormatter.swift in Sources */,
				3FAA46762B5F254A00C8AE51 /* TutorialView.swift in Sources */,
				71255CF52A54102500C70A5B /* GlobalHapticManager.swift in Sources */,
				717F74D02A31E7BB00C55AC8 /* LocationView.swift in Sources */,
				717DFD692BA9BC620051A3D8 /* LoadingView.swift in Sources */,
				71255CF32A540EC600C70A5B /* EmergencyContactManager.swift in Sources */,
				71FB82152A558472005E53DE /* InfoSectionView.swift in Sources */,
				719F93BA2B303FCA00150A16 /* UserAuth.swift in Sources */,
				71255CF72A5415B600C70A5B /* ProfileView.swift in Sources */,
				714716182AF701CE00C825AE /* FirestoreManager.swift in Sources */,
				713F803F2A488D7D00A03D29 /* YellowRedView.swift in Sources */,
				71CF77C92A24D8BC001D81E0 /* GetStartedNumberView.swift in Sources */,
				71CF77CB2A25EA81001D81E0 /* GetStartedEmailView.swift in Sources */,
				715D5CE22A48706C001701AA /* YellowMessageView.swift in Sources */,
				7171C17E2A3DC34200CC8F9B /* EmergencyContactView.swift in Sources */,
				71567E932A20B92E00A2BB2D /* HomeScreenView.swift in Sources */,
				710C704B2A58116300118F32 /* EditingView.swift in Sources */,
				710EE5272A57ECA30022DD97 /* LocationManager.swift in Sources */,
				715D5CE42A4870D3001701AA /* RedMessageView.swift in Sources */,
				71255CF12A540AC200C70A5B /* InputVerifier.swift in Sources */,
				71255CEF2A54012D00C70A5B /* InputValidator.swift in Sources */,
				71567EA12A20D10D00A2BB2D /* GetStartedNameView.swift in Sources */,
				71567E912A20B92E00A2BB2D /* YellowRedApp.swift in Sources */,
				71255CED2A53FD2B00C70A5B /* ButtonView.swift in Sources */,
				715086372A2E1DC700841F44 /* NotificationView.swift in Sources */,
				7147161A2AF7175800C825AE /* UserViewModel.swift in Sources */,
				71B7B5902A5AD96E003CD5C8 /* NotificationManager.swift in Sources */,
			);
			runOnlyForDeploymentPostprocessing = 0;
		};
		71A44D8D2C15E981001F51BC /* Sources */ = {
			isa = PBXSourcesBuildPhase;
			buildActionMask = 2147483647;
			files = (
				71A44D942C15E981001F51BC /* YellowRedApp.swift in Sources */,
			);
			runOnlyForDeploymentPostprocessing = 0;
		};
/* End PBXSourcesBuildPhase section */

/* Begin XCBuildConfiguration section */
		71567E992A20B93300A2BB2D /* Debug */ = {
			isa = XCBuildConfiguration;
			buildSettings = {
				ALWAYS_SEARCH_USER_PATHS = NO;
				CLANG_ANALYZER_NONNULL = YES;
				CLANG_ANALYZER_NUMBER_OBJECT_CONVERSION = YES_AGGRESSIVE;
				CLANG_CXX_LANGUAGE_STANDARD = "gnu++20";
				CLANG_ENABLE_MODULES = YES;
				CLANG_ENABLE_OBJC_ARC = YES;
				CLANG_ENABLE_OBJC_WEAK = YES;
				CLANG_WARN_BLOCK_CAPTURE_AUTORELEASING = YES;
				CLANG_WARN_BOOL_CONVERSION = YES;
				CLANG_WARN_COMMA = YES;
				CLANG_WARN_CONSTANT_CONVERSION = YES;
				CLANG_WARN_DEPRECATED_OBJC_IMPLEMENTATIONS = YES;
				CLANG_WARN_DIRECT_OBJC_ISA_USAGE = YES_ERROR;
				CLANG_WARN_DOCUMENTATION_COMMENTS = YES;
				CLANG_WARN_EMPTY_BODY = YES;
				CLANG_WARN_ENUM_CONVERSION = YES;
				CLANG_WARN_INFINITE_RECURSION = YES;
				CLANG_WARN_INT_CONVERSION = YES;
				CLANG_WARN_NON_LITERAL_NULL_CONVERSION = YES;
				CLANG_WARN_OBJC_IMPLICIT_RETAIN_SELF = YES;
				CLANG_WARN_OBJC_LITERAL_CONVERSION = YES;
				CLANG_WARN_OBJC_ROOT_CLASS = YES_ERROR;
				CLANG_WARN_QUOTED_INCLUDE_IN_FRAMEWORK_HEADER = YES;
				CLANG_WARN_RANGE_LOOP_ANALYSIS = YES;
				CLANG_WARN_STRICT_PROTOTYPES = YES;
				CLANG_WARN_SUSPICIOUS_MOVE = YES;
				CLANG_WARN_UNGUARDED_AVAILABILITY = YES_AGGRESSIVE;
				CLANG_WARN_UNREACHABLE_CODE = YES;
				CLANG_WARN__DUPLICATE_METHOD_MATCH = YES;
				COPY_PHASE_STRIP = NO;
				DEBUG_INFORMATION_FORMAT = dwarf;
				ENABLE_STRICT_OBJC_MSGSEND = YES;
				ENABLE_TESTABILITY = YES;
				ENABLE_USER_SCRIPT_SANDBOXING = YES;
				GCC_C_LANGUAGE_STANDARD = gnu11;
				GCC_DYNAMIC_NO_PIC = NO;
				GCC_NO_COMMON_BLOCKS = YES;
				GCC_OPTIMIZATION_LEVEL = 0;
				GCC_PREPROCESSOR_DEFINITIONS = (
					"DEBUG=1",
					"$(inherited)",
				);
				GCC_WARN_64_TO_32_BIT_CONVERSION = YES;
				GCC_WARN_ABOUT_RETURN_TYPE = YES_ERROR;
				GCC_WARN_UNDECLARED_SELECTOR = YES;
				GCC_WARN_UNINITIALIZED_AUTOS = YES_AGGRESSIVE;
				GCC_WARN_UNUSED_FUNCTION = YES;
				GCC_WARN_UNUSED_VARIABLE = YES;
				IPHONEOS_DEPLOYMENT_TARGET = 16.0;
				MTL_ENABLE_DEBUG_INFO = INCLUDE_SOURCE;
				MTL_FAST_MATH = YES;
				ONLY_ACTIVE_ARCH = YES;
				SDKROOT = iphoneos;
				SWIFT_ACTIVE_COMPILATION_CONDITIONS = DEBUG;
				SWIFT_OPTIMIZATION_LEVEL = "-Onone";
			};
			name = Debug;
		};
		71567E9A2A20B93300A2BB2D /* Release */ = {
			isa = XCBuildConfiguration;
			buildSettings = {
				ALWAYS_SEARCH_USER_PATHS = NO;
				CLANG_ANALYZER_NONNULL = YES;
				CLANG_ANALYZER_NUMBER_OBJECT_CONVERSION = YES_AGGRESSIVE;
				CLANG_CXX_LANGUAGE_STANDARD = "gnu++20";
				CLANG_ENABLE_MODULES = YES;
				CLANG_ENABLE_OBJC_ARC = YES;
				CLANG_ENABLE_OBJC_WEAK = YES;
				CLANG_WARN_BLOCK_CAPTURE_AUTORELEASING = YES;
				CLANG_WARN_BOOL_CONVERSION = YES;
				CLANG_WARN_COMMA = YES;
				CLANG_WARN_CONSTANT_CONVERSION = YES;
				CLANG_WARN_DEPRECATED_OBJC_IMPLEMENTATIONS = YES;
				CLANG_WARN_DIRECT_OBJC_ISA_USAGE = YES_ERROR;
				CLANG_WARN_DOCUMENTATION_COMMENTS = YES;
				CLANG_WARN_EMPTY_BODY = YES;
				CLANG_WARN_ENUM_CONVERSION = YES;
				CLANG_WARN_INFINITE_RECURSION = YES;
				CLANG_WARN_INT_CONVERSION = YES;
				CLANG_WARN_NON_LITERAL_NULL_CONVERSION = YES;
				CLANG_WARN_OBJC_IMPLICIT_RETAIN_SELF = YES;
				CLANG_WARN_OBJC_LITERAL_CONVERSION = YES;
				CLANG_WARN_OBJC_ROOT_CLASS = YES_ERROR;
				CLANG_WARN_QUOTED_INCLUDE_IN_FRAMEWORK_HEADER = YES;
				CLANG_WARN_RANGE_LOOP_ANALYSIS = YES;
				CLANG_WARN_STRICT_PROTOTYPES = YES;
				CLANG_WARN_SUSPICIOUS_MOVE = YES;
				CLANG_WARN_UNGUARDED_AVAILABILITY = YES_AGGRESSIVE;
				CLANG_WARN_UNREACHABLE_CODE = YES;
				CLANG_WARN__DUPLICATE_METHOD_MATCH = YES;
				COPY_PHASE_STRIP = NO;
				DEBUG_INFORMATION_FORMAT = "dwarf-with-dsym";
				ENABLE_NS_ASSERTIONS = NO;
				ENABLE_STRICT_OBJC_MSGSEND = YES;
				ENABLE_USER_SCRIPT_SANDBOXING = YES;
				GCC_C_LANGUAGE_STANDARD = gnu11;
				GCC_NO_COMMON_BLOCKS = YES;
				GCC_WARN_64_TO_32_BIT_CONVERSION = YES;
				GCC_WARN_ABOUT_RETURN_TYPE = YES_ERROR;
				GCC_WARN_UNDECLARED_SELECTOR = YES;
				GCC_WARN_UNINITIALIZED_AUTOS = YES_AGGRESSIVE;
				GCC_WARN_UNUSED_FUNCTION = YES;
				GCC_WARN_UNUSED_VARIABLE = YES;
				IPHONEOS_DEPLOYMENT_TARGET = 16.0;
				MTL_ENABLE_DEBUG_INFO = NO;
				MTL_FAST_MATH = YES;
				SDKROOT = iphoneos;
				SWIFT_COMPILATION_MODE = wholemodule;
				SWIFT_OPTIMIZATION_LEVEL = "-O";
				VALIDATE_PRODUCT = YES;
			};
			name = Release;
		};
		71567E9C2A20B93300A2BB2D /* Debug */ = {
			isa = XCBuildConfiguration;
			buildSettings = {
				ASSETCATALOG_COMPILER_APPICON_NAME = AppIcon;
				ASSETCATALOG_COMPILER_GLOBAL_ACCENT_COLOR_NAME = AccentColor;
				ASSETCATALOG_COMPILER_INCLUDE_ALL_APPICON_ASSETS = YES;
				CODE_SIGN_ENTITLEMENTS = YellowRed/YellowRed.entitlements;
				CODE_SIGN_STYLE = Automatic;
				CURRENT_PROJECT_VERSION = 1;
				DEVELOPMENT_ASSET_PATHS = "\"YellowRed/Preview Content\"";
				DEVELOPMENT_TEAM = 2S5BRVK49V;
				ENABLE_PREVIEWS = YES;
				GENERATE_INFOPLIST_FILE = YES;
				INFOPLIST_FILE = YellowRed/Info.plist;
				INFOPLIST_KEY_CFBundleDisplayName = YellowRed;
				INFOPLIST_KEY_LSApplicationCategoryType = "public.app-category.healthcare-fitness";
				INFOPLIST_KEY_NSContactsUsageDescription = "YellowRed will need access to your contacts to let you choose your emergency contacts. If you’re feeling uncomfortable or unsafe, pressing the Yellow Button or Red Button will notify your emergency contacts. We understand the importance of privacy and confidentiality. Your data will be used solely for the purpose of safety and will not be shared with any third parties. Your safety and privacy are our topmost priorities.";
				INFOPLIST_KEY_NSLocationAlwaysAndWhenInUseUsageDescription = "YellowRed will need access to your location to ensure your safety. If you're feeling uncomfortable or unsafe, pressing the Yellow Button or Red Button will notify your emergency contacts with your current location. We understand the importance of privacy and confidentiality. Your location data will be used solely for the purpose of safety and will not be shared with any third parties. Your safety and privacy are our topmost priorities.";
				INFOPLIST_KEY_NSLocationAlwaysUsageDescription = "YellowRed will need access to your location to ensure your safety. If you're feeling uncomfortable or unsafe, pressing the Yellow Button or Red Button will notify your emergency contacts with your current location. We understand the importance of privacy and confidentiality. Your location data will be used solely for the purpose of safety and will not be shared with any third parties. Your safety and privacy are our topmost priorities.";
				INFOPLIST_KEY_NSLocationWhenInUseUsageDescription = "YellowRed will need access to your location to ensure your safety. If you're feeling uncomfortable or unsafe, pressing the Yellow Button or Red Button will notify your emergency contacts with your current location. We understand the importance of privacy and confidentiality. Your location data will be used solely for the purpose of safety and will not be shared with any third parties. Your safety and privacy are our topmost priorities.";
				INFOPLIST_KEY_UIApplicationSceneManifest_Generation = YES;
				INFOPLIST_KEY_UIApplicationSupportsIndirectInputEvents = YES;
				INFOPLIST_KEY_UILaunchScreen_Generation = YES;
				INFOPLIST_KEY_UISupportedInterfaceOrientations = UIInterfaceOrientationPortrait;
				IPHONEOS_DEPLOYMENT_TARGET = 16.0;
				LD_RUNPATH_SEARCH_PATHS = (
					"$(inherited)",
					"@executable_path/Frameworks",
				);
				MARKETING_VERSION = 1.0;
				PRODUCT_BUNDLE_IDENTIFIER = com.krishvmehta.YellowRed;
				PRODUCT_NAME = "$(TARGET_NAME)";
				SUPPORTED_PLATFORMS = "iphoneos iphonesimulator";
				SUPPORTS_MACCATALYST = NO;
				SUPPORTS_MAC_DESIGNED_FOR_IPHONE_IPAD = NO;
				SUPPORTS_XR_DESIGNED_FOR_IPHONE_IPAD = NO;
				SWIFT_EMIT_LOC_STRINGS = YES;
				SWIFT_VERSION = 5.0;
				TARGETED_DEVICE_FAMILY = 1;
			};
			name = Debug;
		};
		71567E9D2A20B93300A2BB2D /* Release */ = {
			isa = XCBuildConfiguration;
			buildSettings = {
				ASSETCATALOG_COMPILER_APPICON_NAME = AppIcon;
				ASSETCATALOG_COMPILER_GLOBAL_ACCENT_COLOR_NAME = AccentColor;
				ASSETCATALOG_COMPILER_INCLUDE_ALL_APPICON_ASSETS = YES;
				CODE_SIGN_ENTITLEMENTS = YellowRed/YellowRed.entitlements;
				CODE_SIGN_STYLE = Automatic;
				CURRENT_PROJECT_VERSION = 1;
				DEVELOPMENT_ASSET_PATHS = "\"YellowRed/Preview Content\"";
				DEVELOPMENT_TEAM = 2S5BRVK49V;
				ENABLE_PREVIEWS = YES;
				GENERATE_INFOPLIST_FILE = YES;
				INFOPLIST_FILE = YellowRed/Info.plist;
				INFOPLIST_KEY_CFBundleDisplayName = YellowRed;
				INFOPLIST_KEY_LSApplicationCategoryType = "public.app-category.healthcare-fitness";
				INFOPLIST_KEY_NSContactsUsageDescription = "YellowRed will need access to your contacts to let you choose your emergency contacts. If you’re feeling uncomfortable or unsafe, pressing the Yellow Button or Red Button will notify your emergency contacts. We understand the importance of privacy and confidentiality. Your data will be used solely for the purpose of safety and will not be shared with any third parties. Your safety and privacy are our topmost priorities.";
				INFOPLIST_KEY_NSLocationAlwaysAndWhenInUseUsageDescription = "YellowRed will need access to your location to ensure your safety. If you're feeling uncomfortable or unsafe, pressing the Yellow Button or Red Button will notify your emergency contacts with your current location. We understand the importance of privacy and confidentiality. Your location data will be used solely for the purpose of safety and will not be shared with any third parties. Your safety and privacy are our topmost priorities.";
				INFOPLIST_KEY_NSLocationAlwaysUsageDescription = "YellowRed will need access to your location to ensure your safety. If you're feeling uncomfortable or unsafe, pressing the Yellow Button or Red Button will notify your emergency contacts with your current location. We understand the importance of privacy and confidentiality. Your location data will be used solely for the purpose of safety and will not be shared with any third parties. Your safety and privacy are our topmost priorities.";
				INFOPLIST_KEY_NSLocationWhenInUseUsageDescription = "YellowRed will need access to your location to ensure your safety. If you're feeling uncomfortable or unsafe, pressing the Yellow Button or Red Button will notify your emergency contacts with your current location. We understand the importance of privacy and confidentiality. Your location data will be used solely for the purpose of safety and will not be shared with any third parties. Your safety and privacy are our topmost priorities.";
				INFOPLIST_KEY_UIApplicationSceneManifest_Generation = YES;
				INFOPLIST_KEY_UIApplicationSupportsIndirectInputEvents = YES;
				INFOPLIST_KEY_UILaunchScreen_Generation = YES;
				INFOPLIST_KEY_UISupportedInterfaceOrientations = UIInterfaceOrientationPortrait;
				IPHONEOS_DEPLOYMENT_TARGET = 16.0;
				LD_RUNPATH_SEARCH_PATHS = (
					"$(inherited)",
					"@executable_path/Frameworks",
				);
				MARKETING_VERSION = 1.0;
				PRODUCT_BUNDLE_IDENTIFIER = com.krishvmehta.YellowRed;
				PRODUCT_NAME = "$(TARGET_NAME)";
				SUPPORTED_PLATFORMS = "iphoneos iphonesimulator";
				SUPPORTS_MACCATALYST = NO;
				SUPPORTS_MAC_DESIGNED_FOR_IPHONE_IPAD = NO;
				SUPPORTS_XR_DESIGNED_FOR_IPHONE_IPAD = NO;
				SWIFT_EMIT_LOC_STRINGS = YES;
				SWIFT_VERSION = 5.0;
				TARGETED_DEVICE_FAMILY = 1;
			};
			name = Release;
		};
		71A44D9C2C15E982001F51BC /* Debug */ = {
			isa = XCBuildConfiguration;
			buildSettings = {
				ASSETCATALOG_COMPILER_APPICON_NAME = AppIcon;
				ASSETCATALOG_COMPILER_GENERATE_SWIFT_ASSET_SYMBOL_EXTENSIONS = YES;
				ASSETCATALOG_COMPILER_GLOBAL_ACCENT_COLOR_NAME = AccentColor;
				CODE_SIGN_STYLE = Automatic;
				CURRENT_PROJECT_VERSION = 1;
				DEVELOPMENT_ASSET_PATHS = "\"YellowRed Watch App/Preview Content\"";
				DEVELOPMENT_TEAM = 2S5BRVK49V;
				ENABLE_PREVIEWS = YES;
				GCC_C_LANGUAGE_STANDARD = gnu17;
				GENERATE_INFOPLIST_FILE = YES;
				INFOPLIST_KEY_CFBundleDisplayName = YellowRed;
				INFOPLIST_KEY_UISupportedInterfaceOrientations = "UIInterfaceOrientationPortrait UIInterfaceOrientationPortraitUpsideDown";
				INFOPLIST_KEY_WKCompanionAppBundleIdentifier = "";
				LD_RUNPATH_SEARCH_PATHS = (
					"$(inherited)",
					"@executable_path/Frameworks",
				);
				LOCALIZATION_PREFERS_STRING_CATALOGS = YES;
				MARKETING_VERSION = 1.0;
				PRODUCT_BUNDLE_IDENTIFIER = .watchkitapp;
				PRODUCT_NAME = "$(TARGET_NAME)";
				SDKROOT = watchos;
				SKIP_INSTALL = YES;
				SWIFT_ACTIVE_COMPILATION_CONDITIONS = "DEBUG $(inherited)";
				SWIFT_EMIT_LOC_STRINGS = YES;
				SWIFT_VERSION = 5.0;
				TARGETED_DEVICE_FAMILY = 4;
				WATCHOS_DEPLOYMENT_TARGET = 10.5;
			};
			name = Debug;
		};
		71A44D9D2C15E982001F51BC /* Release */ = {
			isa = XCBuildConfiguration;
			buildSettings = {
				ASSETCATALOG_COMPILER_APPICON_NAME = AppIcon;
				ASSETCATALOG_COMPILER_GENERATE_SWIFT_ASSET_SYMBOL_EXTENSIONS = YES;
				ASSETCATALOG_COMPILER_GLOBAL_ACCENT_COLOR_NAME = AccentColor;
				CODE_SIGN_STYLE = Automatic;
				CURRENT_PROJECT_VERSION = 1;
				DEVELOPMENT_ASSET_PATHS = "\"YellowRed Watch App/Preview Content\"";
				DEVELOPMENT_TEAM = 2S5BRVK49V;
				ENABLE_PREVIEWS = YES;
				GCC_C_LANGUAGE_STANDARD = gnu17;
				GENERATE_INFOPLIST_FILE = YES;
				INFOPLIST_KEY_CFBundleDisplayName = YellowRed;
				INFOPLIST_KEY_UISupportedInterfaceOrientations = "UIInterfaceOrientationPortrait UIInterfaceOrientationPortraitUpsideDown";
				INFOPLIST_KEY_WKCompanionAppBundleIdentifier = "";
				LD_RUNPATH_SEARCH_PATHS = (
					"$(inherited)",
					"@executable_path/Frameworks",
				);
				LOCALIZATION_PREFERS_STRING_CATALOGS = YES;
				MARKETING_VERSION = 1.0;
				PRODUCT_BUNDLE_IDENTIFIER = .watchkitapp;
				PRODUCT_NAME = "$(TARGET_NAME)";
				SDKROOT = watchos;
				SKIP_INSTALL = YES;
				SWIFT_EMIT_LOC_STRINGS = YES;
				SWIFT_VERSION = 5.0;
				TARGETED_DEVICE_FAMILY = 4;
				WATCHOS_DEPLOYMENT_TARGET = 10.5;
			};
			name = Release;
		};
/* End XCBuildConfiguration section */

/* Begin XCConfigurationList section */
		71567E882A20B92E00A2BB2D /* Build configuration list for PBXProject "YellowRed" */ = {
			isa = XCConfigurationList;
			buildConfigurations = (
				71567E992A20B93300A2BB2D /* Debug */,
				71567E9A2A20B93300A2BB2D /* Release */,
			);
			defaultConfigurationIsVisible = 0;
			defaultConfigurationName = Release;
		};
		71567E9B2A20B93300A2BB2D /* Build configuration list for PBXNativeTarget "YellowRed" */ = {
			isa = XCConfigurationList;
			buildConfigurations = (
				71567E9C2A20B93300A2BB2D /* Debug */,
				71567E9D2A20B93300A2BB2D /* Release */,
			);
			defaultConfigurationIsVisible = 0;
			defaultConfigurationName = Release;
		};
		71A44D9E2C15E982001F51BC /* Build configuration list for PBXNativeTarget "YellowRed Watch App" */ = {
			isa = XCConfigurationList;
			buildConfigurations = (
				71A44D9C2C15E982001F51BC /* Debug */,
				71A44D9D2C15E982001F51BC /* Release */,
			);
			defaultConfigurationIsVisible = 0;
			defaultConfigurationName = Release;
		};
/* End XCConfigurationList section */

/* Begin XCRemoteSwiftPackageReference section */
		7172CA212BA23E0C0053C600 /* XCRemoteSwiftPackageReference "firebase-ios-sdk" */ = {
			isa = XCRemoteSwiftPackageReference;
			repositoryURL = "https://github.com/firebase/firebase-ios-sdk";
			requirement = {
				kind = upToNextMajorVersion;
				minimumVersion = 10.22.1;
			};
		};
/* End XCRemoteSwiftPackageReference section */

/* Begin XCSwiftPackageProductDependency section */
		7172CA222BA23E0C0053C600 /* FirebaseAnalytics */ = {
			isa = XCSwiftPackageProductDependency;
			package = 7172CA212BA23E0C0053C600 /* XCRemoteSwiftPackageReference "firebase-ios-sdk" */;
			productName = FirebaseAnalytics;
		};
		7172CA242BA23E0C0053C600 /* FirebaseAnalyticsSwift */ = {
			isa = XCSwiftPackageProductDependency;
			package = 7172CA212BA23E0C0053C600 /* XCRemoteSwiftPackageReference "firebase-ios-sdk" */;
			productName = FirebaseAnalyticsSwift;
		};
		7172CA262BA23E0C0053C600 /* FirebaseAuth */ = {
			isa = XCSwiftPackageProductDependency;
			package = 7172CA212BA23E0C0053C600 /* XCRemoteSwiftPackageReference "firebase-ios-sdk" */;
			productName = FirebaseAuth;
		};
		7172CA282BA23E0C0053C600 /* FirebaseFirestore */ = {
			isa = XCSwiftPackageProductDependency;
			package = 7172CA212BA23E0C0053C600 /* XCRemoteSwiftPackageReference "firebase-ios-sdk" */;
			productName = FirebaseFirestore;
		};
		7172CA2A2BA23E0C0053C600 /* FirebaseFirestoreSwift */ = {
			isa = XCSwiftPackageProductDependency;
			package = 7172CA212BA23E0C0053C600 /* XCRemoteSwiftPackageReference "firebase-ios-sdk" */;
			productName = FirebaseFirestoreSwift;
		};
		7172CA2C2BA23E0C0053C600 /* FirebaseFunctions */ = {
			isa = XCSwiftPackageProductDependency;
			package = 7172CA212BA23E0C0053C600 /* XCRemoteSwiftPackageReference "firebase-ios-sdk" */;
			productName = FirebaseFunctions;
		};
/* End XCSwiftPackageProductDependency section */
	};
	rootObject = 71567E852A20B92E00A2BB2D /* Project object */;
}
